
Microsoft Visual Studio Solution File, Format Version 12.00
# Visual Studio Version 16
VisualStudioVersion = 16.0.32002.261
MinimumVisualStudioVersion = 10.0.40219.1
Project("{888888A0-9F3D-457C-B088-3A5042F75D52}") = "Geometric shapes.py", "Geometric shapes.py.pyproj", "{0576B8E2-6549-41E0-96E4-D119C2ED00D5}"
EndProject
Global
	GlobalSection(SolutionConfigurationPlatforms) = preSolution
		Debug|Any CPU = Debug|Any CPU
		Release|Any CPU = Release|Any CPU
	EndGlobalSection
	GlobalSection(ProjectConfigurationPlatforms) = postSolution
		{0576B8E2-6549-41E0-96E4-D119C2ED00D5}.Debug|Any CPU.ActiveCfg = Debug|Any CPU
		{0576B8E2-6549-41E0-96E4-D119C2ED00D5}.Release|Any CPU.ActiveCfg = Release|Any CPU
	EndGlobalSection
	GlobalSection(SolutionProperties) = preSolution
		HideSolutionNode = FALSE
	EndGlobalSection
	GlobalSection(ExtensibilityGlobals) = postSolution
		SolutionGuid = {B242DC61-C846-4179-8856-4F6C135BCCC3}
	EndGlobalSection
EndGlobal
